{
  "name": "types-party-battle",
  "version": "1.0.0",
  "lockfileVersion": 3,
  "requires": true,
  "packages": {
    "": {
      "name": "types-party-battle",
      "version": "1.0.0",
      "dependencies": {
        "@colyseus/schema": "^3.0.59"
      }
    },
    "node_modules/@colyseus/schema": {
      "version": "3.0.59",
      "resolved": "https://registry.npmjs.org/@colyseus/schema/-/schema-3.0.59.tgz",
      "integrity": "sha512-cnaa/yl0nRpZu48kTq4Rn79aPeOd/PD/4Ug9GxCsSNVtkh4y5BwjXqTpJtxGt7NqKfV75QpVHjPXL9N5sOePfg==",
      "license": "MIT",
      "bin": {
        "schema-codegen": "bin/schema-codegen",
        "schema-debug": "bin/schema-debug"
      }
    }
  }
}
